
Microsoft Visual Studio Solution File, Format Version 12.00
# Visual Studio Version 16
VisualStudioVersion = 16.0.30907.101
MinimumVisualStudioVersion = 10.0.40219.1
Project("{9A19103F-16F7-4668-BE54-9A1E7A4F7556}") = "DataBaseApp", "DataBaseApp\DataBaseApp.csproj", "{6CC783C5-7F52-4116-AD06-56CA51A2608E}"
EndProject
Project("{9A19103F-16F7-4668-BE54-9A1E7A4F7556}") = "PhpLab1", "PhpLab1\PhpLab1.csproj", "{6D4AD867-566F-4470-8D43-46A288A1BB7F}"
EndProject
Global
	GlobalSection(SolutionConfigurationPlatforms) = preSolution
		Debug|Any CPU = Debug|Any CPU
		Release|Any CPU = Release|Any CPU
	EndGlobalSection
	GlobalSection(ProjectConfigurationPlatforms) = postSolution
		{6CC783C5-7F52-4116-AD06-56CA51A2608E}.Debug|Any CPU.ActiveCfg = Debug|Any CPU
		{6CC783C5-7F52-4116-AD06-56CA51A2608E}.Debug|Any CPU.Build.0 = Debug|Any CPU
		{6CC783C5-7F52-4116-AD06-56CA51A2608E}.Release|Any CPU.ActiveCfg = Release|Any CPU
		{6CC783C5-7F52-4116-AD06-56CA51A2608E}.Release|Any CPU.Build.0 = Release|Any CPU
		{6D4AD867-566F-4470-8D43-46A288A1BB7F}.Debug|Any CPU.ActiveCfg = Debug|Any CPU
		{6D4AD867-566F-4470-8D43-46A288A1BB7F}.Debug|Any CPU.Build.0 = Debug|Any CPU
		{6D4AD867-566F-4470-8D43-46A288A1BB7F}.Release|Any CPU.ActiveCfg = Release|Any CPU
		{6D4AD867-566F-4470-8D43-46A288A1BB7F}.Release|Any CPU.Build.0 = Release|Any CPU
	EndGlobalSection
	GlobalSection(SolutionProperties) = preSolution
		HideSolutionNode = FALSE
	EndGlobalSection
	GlobalSection(ExtensibilityGlobals) = postSolution
		SolutionGuid = {09E20255-4576-4D50-8CB7-EDB12BDA0216}
	EndGlobalSection
EndGlobal
